// !$*UTF8*$!
{
	archiveVersion = 1;
	classes = {
	};
	objectVersion = 46;
	objects = {
/* Begin PBXBuildFile section */
		0207DA581B56EA530066E2B4 /* Images.xcassets in Resources */ = {isa = PBXBuildFile; fileRef = 0207DA571B56EA530066E2B4 /* Images.xcassets */; };
		1D3623260D0F684500981E51 /* AppDelegate.m in Sources */ = {isa = PBXBuildFile; fileRef = 1D3623250D0F684500981E51 /* AppDelegate.m */; };
		1D60589B0D05DD56006BFB54 /* main.m in Sources */ = {isa = PBXBuildFile; fileRef = 29B97316FDCFA39411CA2CEA /* main.m */; };
		301BF552109A68D80062928A /* libCordova.a in Frameworks */ = {isa = PBXBuildFile; fileRef = 301BF535109A57CC0062928A /* libCordova.a */; };
		302D95F114D2391D003F00A1 /* MainViewController.m in Sources */ = {isa = PBXBuildFile; fileRef = 302D95EF14D2391D003F00A1 /* MainViewController.m */; };
		302D95F214D2391D003F00A1 /* MainViewController.xib in Resources */ = {isa = PBXBuildFile; fileRef = 302D95F014D2391D003F00A1 /* MainViewController.xib */; };
		3047A5121AB8059700498E2A /* build-debug.xcconfig in Resources */ = {isa = PBXBuildFile; fileRef = 3047A50F1AB8059700498E2A /* build-debug.xcconfig */; };
		3047A5131AB8059700498E2A /* build-release.xcconfig in Resources */ = {isa = PBXBuildFile; fileRef = 3047A5101AB8059700498E2A /* build-release.xcconfig */; };
		3047A5141AB8059700498E2A /* build.xcconfig in Resources */ = {isa = PBXBuildFile; fileRef = 3047A5111AB8059700498E2A /* build.xcconfig */; };
		6AFF5BF91D6E424B00AB3073 /* CDVLaunchScreen.storyboard in Resources */ = {isa = PBXBuildFile; fileRef = 6AFF5BF81D6E424B00AB3073 /* CDVLaunchScreen.storyboard */; };
		2D3F026888B74BCC966E55D4 /* CDVBattery.m in Sources */ = {isa = PBXBuildFile; fileRef = 104ED5CEF0304742B49094F0 /* CDVBattery.m */; };
		33850064FD8B40C5890CB099 /* UIImage+CropScaleOrientation.m in Sources */ = {isa = PBXBuildFile; fileRef = A562AB220E664C738D3CD40C /* UIImage+CropScaleOrientation.m */; };
		F5A9EE5A6CC549288637FD70 /* CDVCamera.m in Sources */ = {isa = PBXBuildFile; fileRef = 0A1F5393F34341238829094B /* CDVCamera.m */; };
		84771977A0554582BFF9FFF7 /* CDVJpegHeaderWriter.m in Sources */ = {isa = PBXBuildFile; fileRef = 4000D64AA2694D0F9F14F990 /* CDVJpegHeaderWriter.m */; };
		3DA6EE35F9804AC3B7A21FD7 /* ImageIO.framework in Frameworks */ = {isa = PBXBuildFile; fileRef = 1301E61FB9584F7CB9518F4B /* ImageIO.framework */; settings = {ATTRIBUTES = (Weak, ); }; };
		7D3826F7C6234B29AC04B683 /* CoreLocation.framework in Frameworks */ = {isa = PBXBuildFile; fileRef = CEAB5CB0A94F4F0589B33C34 /* CoreLocation.framework */; };
		587D0EE6CA7C4DDEBA9A23FF /* AVFoundation.framework in Frameworks */ = {isa = PBXBuildFile; fileRef = 0DB40E657B384A80893CC840 /* AVFoundation.framework */; };
		8990403000B5416A90BCABD1 /* CDVDevice.m in Sources */ = {isa = PBXBuildFile; fileRef = 1C440924560B4311A3EE0CC2 /* CDVDevice.m */; };
		934E208123844106A72B2157 /* libz.tbd in Frameworks */ = {isa = PBXBuildFile; fileRef = 81F4DF6B8F774A4E9B8F9AEF /* libz.tbd */; };
		118E4C72957E4AC080BEBA3D /* CDVNotification.m in Sources */ = {isa = PBXBuildFile; fileRef = 23429C428DD4459DABFE7971 /* CDVNotification.m */; };
		7F3B26184D0043A593E1BF5E /* CDVNotification.bundle in Resources */ = {isa = PBXBuildFile; fileRef = 707CAD23407C4A759A98DC04 /* CDVNotification.bundle */; };
		C4AD1CF6E4C748D3A10B1EBB /* AudioToolbox.framework in Frameworks */ = {isa = PBXBuildFile; fileRef = 15F0DFC2AFF540C28A2F6439 /* AudioToolbox.framework */; settings = {ATTRIBUTES = (Weak, ); }; };
		BEB36C20152F4829843F87BE /* CDVFile.m in Sources */ = {isa = PBXBuildFile; fileRef = 7F2519C100584130854FAC7D /* CDVFile.m */; };
		8E85192C866448D392BE9F5D /* CDVLocalFilesystem.m in Sources */ = {isa = PBXBuildFile; fileRef = F9583FD9976E41DA973F4C51 /* CDVLocalFilesystem.m */; };
		5146475ED5A445D69DC141F4 /* CDVAssetLibraryFilesystem.m in Sources */ = {isa = PBXBuildFile; fileRef = 77D6DEE071B74BFDA7C01331 /* CDVAssetLibraryFilesystem.m */; };
		2F6B8B371B2F4998B8FEC449 /* CDVLocation.m in Sources */ = {isa = PBXBuildFile; fileRef = D501774E3A4548EABACC9A21 /* CDVLocation.m */; };
		69F662C5C10D430F8E895C95 /* CDVGlobalization.m in Sources */ = {isa = PBXBuildFile; fileRef = 50C030F16A1A46BC84A6469D /* CDVGlobalization.m */; };
		31EC69451CA540C2B79BA1F9 /* CDVInAppBrowser.m in Sources */ = {isa = PBXBuildFile; fileRef = E985BC6CD59A4D2DB6F9F35A /* CDVInAppBrowser.m */; };
		85E65A529B8E4BCBB0DB735F /* CDVCapture.m in Sources */ = {isa = PBXBuildFile; fileRef = 6EEEB2674EFC479B80ADC939 /* CDVCapture.m */; };
		0495D5B894A74307A7D3145E /* CDVCapture.bundle in Resources */ = {isa = PBXBuildFile; fileRef = C2E659A0D8894839A85CF607 /* CDVCapture.bundle */; };
		7F233DC0F8C147C38AA6813D /* CDVConnection.m in Sources */ = {isa = PBXBuildFile; fileRef = 38836C07D904449B9B060230 /* CDVConnection.m */; };
		2C4335A80C55472A9F0DEEE5 /* CDVReachability.m in Sources */ = {isa = PBXBuildFile; fileRef = F2ABBB7109DD4F96825D6CF6 /* CDVReachability.m */; };
		113266BED8DF4F7DAAEC36C2 /* SystemConfiguration.framework in Frameworks */ = {isa = PBXBuildFile; fileRef = B2528AB4B53C4AABBF0B9481 /* SystemConfiguration.framework */; settings = {ATTRIBUTES = (Weak, ); }; };
		39AB692D7F17433A85F291ED /* CoreTelephony.framework in Frameworks */ = {isa = PBXBuildFile; fileRef = B8BB56FB309E4698A322EC05 /* CoreTelephony.framework */; };
		0AD78A3594694D6793ECD987 /* CDVVibration.m in Sources */ = {isa = PBXBuildFile; fileRef = A0CD75B50AEC46CBB36ADD95 /* CDVVibration.m */; };
		1BF92E03F5544B5D9A5CD378 /* CDVFileTransfer.m in Sources */ = {isa = PBXBuildFile; fileRef = E2BE298AA3284915AED37708 /* CDVFileTransfer.m */; };
		8DD56BD0655E4E4BA89DF4C4 /* CDVSplashScreen.m in Sources */ = {isa = PBXBuildFile; fileRef = 79ED599BAC0043358C83933E /* CDVSplashScreen.m */; };
		4B0664B3D7C04550BE7787A6 /* CDVViewController+SplashScreen.m in Sources */ = {isa = PBXBuildFile; fileRef = 511D937ADDBB408CB65CC502 /* CDVViewController+SplashScreen.m */; };
		59559AD8A0B9426FB98993BC /* CFCallNumber.m in Sources */ = {isa = PBXBuildFile; fileRef = 2B787AADD4AA47648D2D3A5A /* CFCallNumber.m */; };
		1CEA4DC5BD874A7AB1E69C6F /* GoogleMaps.bundle in Resources */ = {isa = PBXBuildFile; fileRef = F4E796837B694651ABB9A0FC /* GoogleMaps.bundle */; };
		5C048C599DE54A14BBF2CEC8 /* Accelerate.framework in Frameworks */ = {isa = PBXBuildFile; fileRef = 95A12D6996B34005A0A8ECCD /* Accelerate.framework */; };
		1784B6C5A1E64B37B5474887 /* CoreData.framework in Frameworks */ = {isa = PBXBuildFile; fileRef = FFDD6D4598D4431191FD9212 /* CoreData.framework */; };
		E0E6E4EE7A9C4752822156E0 /* CoreText.framework in Frameworks */ = {isa = PBXBuildFile; fileRef = AF43690686834AEEB39666FB /* CoreText.framework */; };
		C3034876499C42058B883393 /* GLKit.framework in Frameworks */ = {isa = PBXBuildFile; fileRef = 9E83ABFB31764DD68E999241 /* GLKit.framework */; };
		6BB3715156424CAEA7005F23 /* libc++.tbd in Frameworks */ = {isa = PBXBuildFile; fileRef = B381CE5424B240808A198399 /* libc++.tbd */; };
		8A907482693946058A1013DF /* OpenGLES.framework in Frameworks */ = {isa = PBXBuildFile; fileRef = EABF8D81D9144638803A6C47 /* OpenGLES.framework */; };
		1306CED2A62A4769976DB4E9 /* QuartzCore.framework in Frameworks */ = {isa = PBXBuildFile; fileRef = EB60B96602B441EB81174C15 /* QuartzCore.framework */; };
		D105416C9FC04658B3E6AF91 /* UIKit.framework in Frameworks */ = {isa = PBXBuildFile; fileRef = C9D59CF3A274463DB0022503 /* UIKit.framework */; };
		20DC6F7EAE3047149D50188E /* GoogleMapsBase.framework in Frameworks */ = {isa = PBXBuildFile; fileRef = A16CCCC4F6B34F5A83F75C77 /* GoogleMapsBase.framework */; };
		13A729EBA463464BA70B3429 /* GoogleMaps.framework in Frameworks */ = {isa = PBXBuildFile; fileRef = B580F2C62D0B46FABC4B0130 /* GoogleMaps.framework */; };
		EECCAE661B2B4A359FD1FC20 /* GoogleMapsCore.framework in Frameworks */ = {isa = PBXBuildFile; fileRef = B2BA4A4413C44FF8B0B2D364 /* GoogleMapsCore.framework */; };
		2B4A9E38D34044418DAE4288 /* PluginCircle.m in Sources */ = {isa = PBXBuildFile; fileRef = 704B4CE9929940928A49CFEC /* PluginCircle.m */; };
		17E6253AD75A4FCAB710FAF4 /* PluginGeocoder.m in Sources */ = {isa = PBXBuildFile; fileRef = FD3BDAF56216482BA2A22600 /* PluginGeocoder.m */; };
		53EE9367B9BD482A90F9E07F /* Environment.m in Sources */ = {isa = PBXBuildFile; fileRef = 9796348D106040428C5C5C35 /* Environment.m */; };
		BA863643E288449FB69DB62D /* CordovaGoogleMaps.m in Sources */ = {isa = PBXBuildFile; fileRef = E9BB1C0771124DF0B54FDB3B /* CordovaGoogleMaps.m */; };
		9BC5F81852034372A2D11451 /* GoogleMapsViewController.m in Sources */ = {isa = PBXBuildFile; fileRef = 66C975011C364D43BAAE2FE2 /* GoogleMapsViewController.m */; };
		2E2A7943B187458DBF123C83 /* PluginGroundOverlay.m in Sources */ = {isa = PBXBuildFile; fileRef = 41B4E46FFC5D4071B0C706BA /* PluginGroundOverlay.m */; };
		F14D231BE51F49BE9321E450 /* PluginKmlOverlay.m in Sources */ = {isa = PBXBuildFile; fileRef = F7207DD7B3B5434A896E3394 /* PluginKmlOverlay.m */; };
		D3DADE39FB8E462484004840 /* PluginMap.m in Sources */ = {isa = PBXBuildFile; fileRef = F5EE41D7071C461C94E21C82 /* PluginMap.m */; };
		240C7875652548B9AD0A37B6 /* PluginMarker.m in Sources */ = {isa = PBXBuildFile; fileRef = 468F66F40DEF4978B9DA5CF1 /* PluginMarker.m */; };
		3BB062C997364C8DB3BF6791 /* PluginUtil.m in Sources */ = {isa = PBXBuildFile; fileRef = 859D68FB58FD40099BC25800 /* PluginUtil.m */; };
		F81DC3588C114A57AEBB1FF5 /* PluginPolygon.m in Sources */ = {isa = PBXBuildFile; fileRef = 01168AA96919420E802A2A5F /* PluginPolygon.m */; };
		E1C95BBF0E714096BD59015D /* PluginPolyline.m in Sources */ = {isa = PBXBuildFile; fileRef = CF574FC789534680B0C7B01E /* PluginPolyline.m */; };
		519EBA4A7FB84DFF97832F7E /* PluginTileProvider.m in Sources */ = {isa = PBXBuildFile; fileRef = 984E3FB7D7594AC8B1F4C0A0 /* PluginTileProvider.m */; };
		804B6F13A04B4E5D880ACB64 /* TBXML.m in Sources */ = {isa = PBXBuildFile; fileRef = D93D11DE0CE94FA99333F834 /* TBXML.m */; };
		5AF2F990984C48438C201520 /* PluginTileOverlay.m in Sources */ = {isa = PBXBuildFile; fileRef = C9D35CA285644E8092EAC0D0 /* PluginTileOverlay.m */; };
		AE3BF25B198947508E8A4490 /* NSData+Base64.m in Sources */ = {isa = PBXBuildFile; fileRef = 8C44892B52BB416FA6BB131A /* NSData+Base64.m */; };
		58B5F71C5BA149C9809FC8AF /* GMSCoordinateBounds+Geometry.m in Sources */ = {isa = PBXBuildFile; fileRef = 376B8F5151934C60A85D9AD6 /* GMSCoordinateBounds+Geometry.m */; };
		8D6ED71405A44C9B922EB0CE /* MyPluginLayer.m in Sources */ = {isa = PBXBuildFile; fileRef = BE89A1583F4E488682061C27 /* MyPluginLayer.m */; };
		C781F4DA49194CAF985193DE /* MyPluginLayerDebugView.m in Sources */ = {isa = PBXBuildFile; fileRef = B9B475CEF2C142FB8938062E /* MyPluginLayerDebugView.m */; };
		95A7593AA52549F4973743CE /* MyPluginScrollView.m in Sources */ = {isa = PBXBuildFile; fileRef = 75950A3D46194EFF91724344 /* MyPluginScrollView.m */; };
		945F46010B78476AB8C3790B /* PluginMarkerCluster.m in Sources */ = {isa = PBXBuildFile; fileRef = E7E6DEB7B0FA473C923CB020 /* PluginMarkerCluster.m */; };
		C3B74FD873474741ADED428F /* UIImageCache.m in Sources */ = {isa = PBXBuildFile; fileRef = B46E1AA61AA94346BC8046C2 /* UIImageCache.m */; };
/* End PBXBuildFile section */

/* Begin PBXContainerItemProxy section */
		301BF534109A57CC0062928A /* PBXContainerItemProxy */ = {
			isa = PBXContainerItemProxy;
			containerPortal = 301BF52D109A57CC0062928A /* CordovaLib.xcodeproj */;
			proxyType = 2;
			remoteGlobalIDString = D2AAC07E0554694100DB518D;
			remoteInfo = CordovaLib;
		};
		301BF550109A68C00062928A /* PBXContainerItemProxy */ = {
			isa = PBXContainerItemProxy;
			containerPortal = 301BF52D109A57CC0062928A /* CordovaLib.xcodeproj */;
			proxyType = 1;
			remoteGlobalIDString = D2AAC07D0554694100DB518D;
			remoteInfo = CordovaLib;
		};
/* End PBXContainerItemProxy section */

/* Begin PBXFileReference section */
		0207DA571B56EA530066E2B4 /* Images.xcassets */ = {isa = PBXFileReference; lastKnownFileType = folder.assetcatalog; name = Images.xcassets; path = "Men's Club BarberShop/Images.xcassets"; sourceTree = SOURCE_ROOT; };
		1D3623240D0F684500981E51 /* AppDelegate.h */ = {isa = PBXFileReference; fileEncoding = 4; lastKnownFileType = sourcecode.c.h; path = AppDelegate.h; sourceTree = "<group>"; };
		1D3623250D0F684500981E51 /* AppDelegate.m */ = {isa = PBXFileReference; fileEncoding = 4; lastKnownFileType = sourcecode.c.objc; path = AppDelegate.m; sourceTree = "<group>"; };
		1D6058910D05DD3D006BFB54 /* Men's Club BarberShop.app */ = {isa = PBXFileReference; explicitFileType = wrapper.application; includeInIndex = 0; path = "Men's Club BarberShop.app"; sourceTree = BUILT_PRODUCTS_DIR; };
		29B97316FDCFA39411CA2CEA /* main.m */ = {isa = PBXFileReference; fileEncoding = 4; lastKnownFileType = sourcecode.c.objc; path = main.m; sourceTree = "<group>"; };
		301BF52D109A57CC0062928A /* CordovaLib.xcodeproj */ = {isa = PBXFileReference; lastKnownFileType = "wrapper.pb-project"; name = CordovaLib.xcodeproj; path = CordovaLib/CordovaLib.xcodeproj; sourceTree = "<group>"; };
		301BF56E109A69640062928A /* www */ = {isa = PBXFileReference; lastKnownFileType = folder; path = www; sourceTree = SOURCE_ROOT; };
		302D95EE14D2391D003F00A1 /* MainViewController.h */ = {isa = PBXFileReference; fileEncoding = 4; lastKnownFileType = sourcecode.c.h; path = MainViewController.h; sourceTree = "<group>"; };
		302D95EF14D2391D003F00A1 /* MainViewController.m */ = {isa = PBXFileReference; fileEncoding = 4; lastKnownFileType = sourcecode.c.objc; path = MainViewController.m; sourceTree = "<group>"; };
		302D95F014D2391D003F00A1 /* MainViewController.xib */ = {isa = PBXFileReference; fileEncoding = 4; lastKnownFileType = file.xib; path = MainViewController.xib; sourceTree = "<group>"; };
		3047A50F1AB8059700498E2A /* build-debug.xcconfig */ = {isa = PBXFileReference; fileEncoding = 4; lastKnownFileType = text.xcconfig; name = "build-debug.xcconfig"; path = cordova/build-debug.xcconfig; sourceTree = SOURCE_ROOT; };
		3047A5101AB8059700498E2A /* build-release.xcconfig */ = {isa = PBXFileReference; fileEncoding = 4; lastKnownFileType = text.xcconfig; name = "build-release.xcconfig"; path = cordova/build-release.xcconfig; sourceTree = SOURCE_ROOT; };
		3047A5111AB8059700498E2A /* build.xcconfig */ = {isa = PBXFileReference; fileEncoding = 4; lastKnownFileType = text.xcconfig; name = build.xcconfig; path = cordova/build.xcconfig; sourceTree = SOURCE_ROOT; };
		32CA4F630368D1EE00C91783 /* Men's Club BarberShop-Prefix.pch */ = {isa = PBXFileReference; fileEncoding = 4; lastKnownFileType = sourcecode.c.h; path = "Men's Club BarberShop-Prefix.pch"; sourceTree = "<group>"; };
		6AFF5BF81D6E424B00AB3073 /* CDVLaunchScreen.storyboard */ = {isa = PBXFileReference; fileEncoding = 4; lastKnownFileType = file.storyboard; name = CDVLaunchScreen.storyboard; path = "Men's Club BarberShop/CDVLaunchScreen.storyboard"; sourceTree = SOURCE_ROOT; };
		8D1107310486CEB800E47090 /* Men's Club BarberShop-Info.plist */ = {isa = PBXFileReference; fileEncoding = 4; lastKnownFileType = text.plist.xml; name = "Men's Club BarberShop-Info.plist"; path = "Men's Club BarberShop/Men's Club BarberShop-Info.plist"; plistStructureDefinitionIdentifier = "com.apple.xcode.plist.structure-definition.iphone.info-plist"; sourceTree = SOURCE_ROOT; };
		EB87FDF31871DA8E0020F90C /* www */ = {isa = PBXFileReference; lastKnownFileType = folder; name = www; path = ../../www; sourceTree = "<group>"; };
		EB87FDF41871DAF40020F90C /* config.xml */ = {isa = PBXFileReference; lastKnownFileType = text.xml; name = config.xml; path = ../../config.xml; sourceTree = "<group>"; };
		F840E1F0165FE0F500CFE078 /* config.xml */ = {isa = PBXFileReference; lastKnownFileType = text.xml; name = config.xml; path = "Men's Club BarberShop/config.xml"; sourceTree = "<group>"; };
		ED33DF2A687741AEAF9F8254 /* Bridging-Header.h */ = {isa = PBXFileReference; fileEncoding = 4; lastKnownFileType = sourcecode.c.h; name = "Bridging-Header.h"; path = "Bridging-Header.h"; sourceTree = "<group>"; };
		104ED5CEF0304742B49094F0 /* CDVBattery.m */ = {isa = PBXFileReference; name = "CDVBattery.m"; path = "cordova-plugin-battery-status/CDVBattery.m"; sourceTree = "<group>"; fileEncoding = 4; lastKnownFileType = sourcecode.c.objc; explicitFileType = undefined; includeInIndex = 0; };
		70707A3CD1BE406EA4EB57E8 /* CDVBattery.h */ = {isa = PBXFileReference; name = "CDVBattery.h"; path = "cordova-plugin-battery-status/CDVBattery.h"; sourceTree = "<group>"; fileEncoding = 4; lastKnownFileType = sourcecode.c.h; explicitFileType = undefined; includeInIndex = 0; };
		A562AB220E664C738D3CD40C /* UIImage+CropScaleOrientation.m */ = {isa = PBXFileReference; name = "UIImage+CropScaleOrientation.m"; path = "cordova-plugin-camera/UIImage+CropScaleOrientation.m"; sourceTree = "<group>"; fileEncoding = 4; lastKnownFileType = sourcecode.c.objc; explicitFileType = undefined; includeInIndex = 0; };
		0A1F5393F34341238829094B /* CDVCamera.m */ = {isa = PBXFileReference; name = "CDVCamera.m"; path = "cordova-plugin-camera/CDVCamera.m"; sourceTree = "<group>"; fileEncoding = 4; lastKnownFileType = sourcecode.c.objc; explicitFileType = undefined; includeInIndex = 0; };
		4000D64AA2694D0F9F14F990 /* CDVJpegHeaderWriter.m */ = {isa = PBXFileReference; name = "CDVJpegHeaderWriter.m"; path = "cordova-plugin-camera/CDVJpegHeaderWriter.m"; sourceTree = "<group>"; fileEncoding = 4; lastKnownFileType = sourcecode.c.objc; explicitFileType = undefined; includeInIndex = 0; };
		A210512BFB654679885805EB /* UIImage+CropScaleOrientation.h */ = {isa = PBXFileReference; name = "UIImage+CropScaleOrientation.h"; path = "cordova-plugin-camera/UIImage+CropScaleOrientation.h"; sourceTree = "<group>"; fileEncoding = 4; lastKnownFileType = sourcecode.c.h; explicitFileType = undefined; includeInIndex = 0; };
		F085DC6C3F57424FB69DC57B /* CDVCamera.h */ = {isa = PBXFileReference; name = "CDVCamera.h"; path = "cordova-plugin-camera/CDVCamera.h"; sourceTree = "<group>"; fileEncoding = 4; lastKnownFileType = sourcecode.c.h; explicitFileType = undefined; includeInIndex = 0; };
		2FA71728733A4ECBAE2633DB /* CDVJpegHeaderWriter.h */ = {isa = PBXFileReference; name = "CDVJpegHeaderWriter.h"; path = "cordova-plugin-camera/CDVJpegHeaderWriter.h"; sourceTree = "<group>"; fileEncoding = 4; lastKnownFileType = sourcecode.c.h; explicitFileType = undefined; includeInIndex = 0; };
		9833796633A041DB819F7C68 /* CDVExif.h */ = {isa = PBXFileReference; name = "CDVExif.h"; path = "cordova-plugin-camera/CDVExif.h"; sourceTree = "<group>"; fileEncoding = 4; lastKnownFileType = sourcecode.c.h; explicitFileType = undefined; includeInIndex = 0; };
		1301E61FB9584F7CB9518F4B /* ImageIO.framework */ = {isa = PBXFileReference; name = "ImageIO.framework"; path = "System/Library/Frameworks/ImageIO.framework"; sourceTree = SDKROOT; fileEncoding = undefined; lastKnownFileType = wrapper.framework; explicitFileType = undefined; includeInIndex = 0; };
		CEAB5CB0A94F4F0589B33C34 /* CoreLocation.framework */ = {isa = PBXFileReference; name = "CoreLocation.framework"; path = "System/Library/Frameworks/CoreLocation.framework"; sourceTree = SDKROOT; fileEncoding = undefined; lastKnownFileType = wrapper.framework; explicitFileType = undefined; includeInIndex = 0; };
		0DB40E657B384A80893CC840 /* AVFoundation.framework */ = {isa = PBXFileReference; name = "AVFoundation.framework"; path = "System/Library/Frameworks/AVFoundation.framework"; sourceTree = SDKROOT; fileEncoding = undefined; lastKnownFileType = wrapper.framework; explicitFileType = undefined; includeInIndex = 0; };
		1C440924560B4311A3EE0CC2 /* CDVDevice.m */ = {isa = PBXFileReference; name = "CDVDevice.m"; path = "cordova-plugin-device/CDVDevice.m"; sourceTree = "<group>"; fileEncoding = 4; lastKnownFileType = sourcecode.c.objc; explicitFileType = undefined; includeInIndex = 0; };
		4457BEDFC5F143A08BD7899D /* CDVDevice.h */ = {isa = PBXFileReference; name = "CDVDevice.h"; path = "cordova-plugin-device/CDVDevice.h"; sourceTree = "<group>"; fileEncoding = 4; lastKnownFileType = sourcecode.c.h; explicitFileType = undefined; includeInIndex = 0; };
		81F4DF6B8F774A4E9B8F9AEF /* libz.tbd */ = {isa = PBXFileReference; name = "libz.tbd"; path = "usr/lib/libz.tbd"; sourceTree = SDKROOT; fileEncoding = undefined; lastKnownFileType = sourcecode.text-based-dylib-definition; explicitFileType = undefined; includeInIndex = 0; };
		23429C428DD4459DABFE7971 /* CDVNotification.m */ = {isa = PBXFileReference; name = "CDVNotification.m"; path = "cordova-plugin-dialogs/CDVNotification.m"; sourceTree = "<group>"; fileEncoding = 4; lastKnownFileType = sourcecode.c.objc; explicitFileType = undefined; includeInIndex = 0; };
		85960A98E41F4282907260C7 /* CDVNotification.h */ = {isa = PBXFileReference; name = "CDVNotification.h"; path = "cordova-plugin-dialogs/CDVNotification.h"; sourceTree = "<group>"; fileEncoding = 4; lastKnownFileType = sourcecode.c.h; explicitFileType = undefined; includeInIndex = 0; };
		707CAD23407C4A759A98DC04 /* CDVNotification.bundle */ = {isa = PBXFileReference; name = "CDVNotification.bundle"; path = "CDVNotification.bundle"; sourceTree = "<group>"; fileEncoding = undefined; lastKnownFileType = wrapper.plug-in; explicitFileType = undefined; includeInIndex = 0; };
		15F0DFC2AFF540C28A2F6439 /* AudioToolbox.framework */ = {isa = PBXFileReference; name = "AudioToolbox.framework"; path = "System/Library/Frameworks/AudioToolbox.framework"; sourceTree = SDKROOT; fileEncoding = undefined; lastKnownFileType = wrapper.framework; explicitFileType = undefined; includeInIndex = 0; };
		7F2519C100584130854FAC7D /* CDVFile.m */ = {isa = PBXFileReference; name = "CDVFile.m"; path = "cordova-plugin-file/CDVFile.m"; sourceTree = "<group>"; fileEncoding = 4; lastKnownFileType = sourcecode.c.objc; explicitFileType = undefined; includeInIndex = 0; };
		F9583FD9976E41DA973F4C51 /* CDVLocalFilesystem.m */ = {isa = PBXFileReference; name = "CDVLocalFilesystem.m"; path = "cordova-plugin-file/CDVLocalFilesystem.m"; sourceTree = "<group>"; fileEncoding = 4; lastKnownFileType = sourcecode.c.objc; explicitFileType = undefined; includeInIndex = 0; };
		77D6DEE071B74BFDA7C01331 /* CDVAssetLibraryFilesystem.m */ = {isa = PBXFileReference; name = "CDVAssetLibraryFilesystem.m"; path = "cordova-plugin-file/CDVAssetLibraryFilesystem.m"; sourceTree = "<group>"; fileEncoding = 4; lastKnownFileType = sourcecode.c.objc; explicitFileType = undefined; includeInIndex = 0; };
		438AF7D7B65D4BE5AAD4CE9B /* CDVFile.h */ = {isa = PBXFileReference; name = "CDVFile.h"; path = "cordova-plugin-file/CDVFile.h"; sourceTree = "<group>"; fileEncoding = 4; lastKnownFileType = sourcecode.c.h; explicitFileType = undefined; includeInIndex = 0; };
		3A5C12D4A0E4451294DFA3AA /* CDVLocalFilesystem.h */ = {isa = PBXFileReference; name = "CDVLocalFilesystem.h"; path = "cordova-plugin-file/CDVLocalFilesystem.h"; sourceTree = "<group>"; fileEncoding = 4; lastKnownFileType = sourcecode.c.h; explicitFileType = undefined; includeInIndex = 0; };
		97029016CFB8480EB0AC4FD3 /* CDVAssetLibraryFilesystem.h */ = {isa = PBXFileReference; name = "CDVAssetLibraryFilesystem.h"; path = "cordova-plugin-file/CDVAssetLibraryFilesystem.h"; sourceTree = "<group>"; fileEncoding = 4; lastKnownFileType = sourcecode.c.h; explicitFileType = undefined; includeInIndex = 0; };
		D501774E3A4548EABACC9A21 /* CDVLocation.m */ = {isa = PBXFileReference; name = "CDVLocation.m"; path = "cordova-plugin-geolocation/CDVLocation.m"; sourceTree = "<group>"; fileEncoding = 4; lastKnownFileType = sourcecode.c.objc; explicitFileType = undefined; includeInIndex = 0; };
		C1A93856FCCC4189ABA96B86 /* CDVLocation.h */ = {isa = PBXFileReference; name = "CDVLocation.h"; path = "cordova-plugin-geolocation/CDVLocation.h"; sourceTree = "<group>"; fileEncoding = 4; lastKnownFileType = sourcecode.c.h; explicitFileType = undefined; includeInIndex = 0; };
		50C030F16A1A46BC84A6469D /* CDVGlobalization.m */ = {isa = PBXFileReference; name = "CDVGlobalization.m"; path = "cordova-plugin-globalization/CDVGlobalization.m"; sourceTree = "<group>"; fileEncoding = 4; lastKnownFileType = sourcecode.c.objc; explicitFileType = undefined; includeInIndex = 0; };
		752DDF10713D494DAFFFF7C0 /* CDVGlobalization.h */ = {isa = PBXFileReference; name = "CDVGlobalization.h"; path = "cordova-plugin-globalization/CDVGlobalization.h"; sourceTree = "<group>"; fileEncoding = 4; lastKnownFileType = sourcecode.c.h; explicitFileType = undefined; includeInIndex = 0; };
		E985BC6CD59A4D2DB6F9F35A /* CDVInAppBrowser.m */ = {isa = PBXFileReference; name = "CDVInAppBrowser.m"; path = "cordova-plugin-inappbrowser/CDVInAppBrowser.m"; sourceTree = "<group>"; fileEncoding = 4; lastKnownFileType = sourcecode.c.objc; explicitFileType = undefined; includeInIndex = 0; };
		ECD3C74C98C8402C9C684A76 /* CDVInAppBrowser.h */ = {isa = PBXFileReference; name = "CDVInAppBrowser.h"; path = "cordova-plugin-inappbrowser/CDVInAppBrowser.h"; sourceTree = "<group>"; fileEncoding = 4; lastKnownFileType = sourcecode.c.h; explicitFileType = undefined; includeInIndex = 0; };
		6EEEB2674EFC479B80ADC939 /* CDVCapture.m */ = {isa = PBXFileReference; name = "CDVCapture.m"; path = "cordova-plugin-media-capture/CDVCapture.m"; sourceTree = "<group>"; fileEncoding = 4; lastKnownFileType = sourcecode.c.objc; explicitFileType = undefined; includeInIndex = 0; };
		8AA49CDF1DD148DC836B7D8D /* CDVCapture.h */ = {isa = PBXFileReference; name = "CDVCapture.h"; path = "cordova-plugin-media-capture/CDVCapture.h"; sourceTree = "<group>"; fileEncoding = 4; lastKnownFileType = sourcecode.c.h; explicitFileType = undefined; includeInIndex = 0; };
		C2E659A0D8894839A85CF607 /* CDVCapture.bundle */ = {isa = PBXFileReference; name = "CDVCapture.bundle"; path = "CDVCapture.bundle"; sourceTree = "<group>"; fileEncoding = undefined; lastKnownFileType = wrapper.plug-in; explicitFileType = undefined; includeInIndex = 0; };
		38836C07D904449B9B060230 /* CDVConnection.m */ = {isa = PBXFileReference; name = "CDVConnection.m"; path = "cordova-plugin-network-information/CDVConnection.m"; sourceTree = "<group>"; fileEncoding = 4; lastKnownFileType = sourcecode.c.objc; explicitFileType = undefined; includeInIndex = 0; };
		F2ABBB7109DD4F96825D6CF6 /* CDVReachability.m */ = {isa = PBXFileReference; name = "CDVReachability.m"; path = "cordova-plugin-network-information/CDVReachability.m"; sourceTree = "<group>"; fileEncoding = 4; lastKnownFileType = sourcecode.c.objc; explicitFileType = undefined; includeInIndex = 0; };
		58F2031D6C8144ADAB922F00 /* CDVConnection.h */ = {isa = PBXFileReference; name = "CDVConnection.h"; path = "cordova-plugin-network-information/CDVConnection.h"; sourceTree = "<group>"; fileEncoding = 4; lastKnownFileType = sourcecode.c.h; explicitFileType = undefined; includeInIndex = 0; };
		F6F29C67F0DF4288A8117402 /* CDVReachability.h */ = {isa = PBXFileReference; name = "CDVReachability.h"; path = "cordova-plugin-network-information/CDVReachability.h"; sourceTree = "<group>"; fileEncoding = 4; lastKnownFileType = sourcecode.c.h; explicitFileType = undefined; includeInIndex = 0; };
		B2528AB4B53C4AABBF0B9481 /* SystemConfiguration.framework */ = {isa = PBXFileReference; name = "SystemConfiguration.framework"; path = "System/Library/Frameworks/SystemConfiguration.framework"; sourceTree = SDKROOT; fileEncoding = undefined; lastKnownFileType = wrapper.framework; explicitFileType = undefined; includeInIndex = 0; };
		B8BB56FB309E4698A322EC05 /* CoreTelephony.framework */ = {isa = PBXFileReference; name = "CoreTelephony.framework"; path = "System/Library/Frameworks/CoreTelephony.framework"; sourceTree = SDKROOT; fileEncoding = undefined; lastKnownFileType = wrapper.framework; explicitFileType = undefined; includeInIndex = 0; };
		A0CD75B50AEC46CBB36ADD95 /* CDVVibration.m */ = {isa = PBXFileReference; name = "CDVVibration.m"; path = "cordova-plugin-vibration/CDVVibration.m"; sourceTree = "<group>"; fileEncoding = 4; lastKnownFileType = sourcecode.c.objc; explicitFileType = undefined; includeInIndex = 0; };
		4C03C6B173D04D9C9AFC9C14 /* CDVVibration.h */ = {isa = PBXFileReference; name = "CDVVibration.h"; path = "cordova-plugin-vibration/CDVVibration.h"; sourceTree = "<group>"; fileEncoding = 4; lastKnownFileType = sourcecode.c.h; explicitFileType = undefined; includeInIndex = 0; };
		E2BE298AA3284915AED37708 /* CDVFileTransfer.m */ = {isa = PBXFileReference; name = "CDVFileTransfer.m"; path = "cordova-plugin-file-transfer/CDVFileTransfer.m"; sourceTree = "<group>"; fileEncoding = 4; lastKnownFileType = sourcecode.c.objc; explicitFileType = undefined; includeInIndex = 0; };
		CBCCE774B7084D4A8FBC7789 /* CDVFileTransfer.h */ = {isa = PBXFileReference; name = "CDVFileTransfer.h"; path = "cordova-plugin-file-transfer/CDVFileTransfer.h"; sourceTree = "<group>"; fileEncoding = 4; lastKnownFileType = sourcecode.c.h; explicitFileType = undefined; includeInIndex = 0; };
		79ED599BAC0043358C83933E /* CDVSplashScreen.m */ = {isa = PBXFileReference; name = "CDVSplashScreen.m"; path = "cordova-plugin-splashscreen/CDVSplashScreen.m"; sourceTree = "<group>"; fileEncoding = 4; lastKnownFileType = sourcecode.c.objc; explicitFileType = undefined; includeInIndex = 0; };
		511D937ADDBB408CB65CC502 /* CDVViewController+SplashScreen.m */ = {isa = PBXFileReference; name = "CDVViewController+SplashScreen.m"; path = "cordova-plugin-splashscreen/CDVViewController+SplashScreen.m"; sourceTree = "<group>"; fileEncoding = 4; lastKnownFileType = sourcecode.c.objc; explicitFileType = undefined; includeInIndex = 0; };
		ECA2F859B84940B68D795F76 /* CDVSplashScreen.h */ = {isa = PBXFileReference; name = "CDVSplashScreen.h"; path = "cordova-plugin-splashscreen/CDVSplashScreen.h"; sourceTree = "<group>"; fileEncoding = 4; lastKnownFileType = sourcecode.c.h; explicitFileType = undefined; includeInIndex = 0; };
		60BF89F85498419B9D24C96A /* CDVViewController+SplashScreen.h */ = {isa = PBXFileReference; name = "CDVViewController+SplashScreen.h"; path = "cordova-plugin-splashscreen/CDVViewController+SplashScreen.h"; sourceTree = "<group>"; fileEncoding = 4; lastKnownFileType = sourcecode.c.h; explicitFileType = undefined; includeInIndex = 0; };
		2B787AADD4AA47648D2D3A5A /* CFCallNumber.m */ = {isa = PBXFileReference; name = "CFCallNumber.m"; path = "cordova-plugin-call-number/CFCallNumber.m"; sourceTree = "<group>"; fileEncoding = 4; lastKnownFileType = sourcecode.c.objc; explicitFileType = undefined; includeInIndex = 0; };
		D5D42623485C4117BE41757E /* CFCallNumber.h */ = {isa = PBXFileReference; name = "CFCallNumber.h"; path = "cordova-plugin-call-number/CFCallNumber.h"; sourceTree = "<group>"; fileEncoding = 4; lastKnownFileType = sourcecode.c.h; explicitFileType = undefined; includeInIndex = 0; };
		F4E796837B694651ABB9A0FC /* GoogleMaps.bundle */ = {isa = PBXFileReference; name = "GoogleMaps.bundle"; path = "GoogleMaps.bundle"; sourceTree = "<group>"; fileEncoding = undefined; lastKnownFileType = wrapper.plug-in; explicitFileType = undefined; includeInIndex = 0; };
		95A12D6996B34005A0A8ECCD /* Accelerate.framework */ = {isa = PBXFileReference; name = "Accelerate.framework"; path = "System/Library/Frameworks/Accelerate.framework"; sourceTree = SDKROOT; fileEncoding = undefined; lastKnownFileType = wrapper.framework; explicitFileType = undefined; includeInIndex = 0; };
		FFDD6D4598D4431191FD9212 /* CoreData.framework */ = {isa = PBXFileReference; name = "CoreData.framework"; path = "System/Library/Frameworks/CoreData.framework"; sourceTree = SDKROOT; fileEncoding = undefined; lastKnownFileType = wrapper.framework; explicitFileType = undefined; includeInIndex = 0; };
		AF43690686834AEEB39666FB /* CoreText.framework */ = {isa = PBXFileReference; name = "CoreText.framework"; path = "System/Library/Frameworks/CoreText.framework"; sourceTree = SDKROOT; fileEncoding = undefined; lastKnownFileType = wrapper.framework; explicitFileType = undefined; includeInIndex = 0; };
		9E83ABFB31764DD68E999241 /* GLKit.framework */ = {isa = PBXFileReference; name = "GLKit.framework"; path = "System/Library/Frameworks/GLKit.framework"; sourceTree = SDKROOT; fileEncoding = undefined; lastKnownFileType = wrapper.framework; explicitFileType = undefined; includeInIndex = 0; };
		B381CE5424B240808A198399 /* libc++.tbd */ = {isa = PBXFileReference; name = "libc++.tbd"; path = "usr/lib/libc++.tbd"; sourceTree = SDKROOT; fileEncoding = undefined; lastKnownFileType = sourcecode.text-based-dylib-definition; explicitFileType = undefined; includeInIndex = 0; };
		EABF8D81D9144638803A6C47 /* OpenGLES.framework */ = {isa = PBXFileReference; name = "OpenGLES.framework"; path = "System/Library/Frameworks/OpenGLES.framework"; sourceTree = SDKROOT; fileEncoding = undefined; lastKnownFileType = wrapper.framework; explicitFileType = undefined; includeInIndex = 0; };
		EB60B96602B441EB81174C15 /* QuartzCore.framework */ = {isa = PBXFileReference; name = "QuartzCore.framework"; path = "System/Library/Frameworks/QuartzCore.framework"; sourceTree = SDKROOT; fileEncoding = undefined; lastKnownFileType = wrapper.framework; explicitFileType = undefined; includeInIndex = 0; };
		C9D59CF3A274463DB0022503 /* UIKit.framework */ = {isa = PBXFileReference; name = "UIKit.framework"; path = "System/Library/Frameworks/UIKit.framework"; sourceTree = SDKROOT; fileEncoding = undefined; lastKnownFileType = wrapper.framework; explicitFileType = undefined; includeInIndex = 0; };
		A16CCCC4F6B34F5A83F75C77 /* GoogleMapsBase.framework */ = {isa = PBXFileReference; name = "GoogleMapsBase.framework"; path = "Men's Club BarberShop/Plugins/com.googlemaps.ios/GoogleMapsBase.framework"; sourceTree = "<group>"; fileEncoding = undefined; lastKnownFileType = wrapper.framework; explicitFileType = undefined; includeInIndex = 0; };
		B580F2C62D0B46FABC4B0130 /* GoogleMaps.framework */ = {isa = PBXFileReference; name = "GoogleMaps.framework"; path = "Men's Club BarberShop/Plugins/com.googlemaps.ios/GoogleMaps.framework"; sourceTree = "<group>"; fileEncoding = undefined; lastKnownFileType = wrapper.framework; explicitFileType = undefined; includeInIndex = 0; };
		B2BA4A4413C44FF8B0B2D364 /* GoogleMapsCore.framework */ = {isa = PBXFileReference; name = "GoogleMapsCore.framework"; path = "Men's Club BarberShop/Plugins/com.googlemaps.ios/GoogleMapsCore.framework"; sourceTree = "<group>"; fileEncoding = undefined; lastKnownFileType = wrapper.framework; explicitFileType = undefined; includeInIndex = 0; };
		704B4CE9929940928A49CFEC /* PluginCircle.m */ = {isa = PBXFileReference; name = "PluginCircle.m"; path = "cordova-plugin-googlemaps/PluginCircle.m"; sourceTree = "<group>"; fileEncoding = 4; lastKnownFileType = sourcecode.c.objc; explicitFileType = undefined; includeInIndex = 0; };
		FD3BDAF56216482BA2A22600 /* PluginGeocoder.m */ = {isa = PBXFileReference; name = "PluginGeocoder.m"; path = "cordova-plugin-googlemaps/PluginGeocoder.m"; sourceTree = "<group>"; fileEncoding = 4; lastKnownFileType = sourcecode.c.objc; explicitFileType = undefined; includeInIndex = 0; };
		9796348D106040428C5C5C35 /* Environment.m */ = {isa = PBXFileReference; name = "Environment.m"; path = "cordova-plugin-googlemaps/Environment.m"; sourceTree = "<group>"; fileEncoding = 4; lastKnownFileType = sourcecode.c.objc; explicitFileType = undefined; includeInIndex = 0; };
		E9BB1C0771124DF0B54FDB3B /* CordovaGoogleMaps.m */ = {isa = PBXFileReference; name = "CordovaGoogleMaps.m"; path = "cordova-plugin-googlemaps/CordovaGoogleMaps.m"; sourceTree = "<group>"; fileEncoding = 4; lastKnownFileType = sourcecode.c.objc; explicitFileType = undefined; includeInIndex = 0; };
		66C975011C364D43BAAE2FE2 /* GoogleMapsViewController.m */ = {isa = PBXFileReference; name = "GoogleMapsViewController.m"; path = "cordova-plugin-googlemaps/GoogleMapsViewController.m"; sourceTree = "<group>"; fileEncoding = 4; lastKnownFileType = sourcecode.c.objc; explicitFileType = undefined; includeInIndex = 0; };
		41B4E46FFC5D4071B0C706BA /* PluginGroundOverlay.m */ = {isa = PBXFileReference; name = "PluginGroundOverlay.m"; path = "cordova-plugin-googlemaps/PluginGroundOverlay.m"; sourceTree = "<group>"; fileEncoding = 4; lastKnownFileType = sourcecode.c.objc; explicitFileType = undefined; includeInIndex = 0; };
		F7207DD7B3B5434A896E3394 /* PluginKmlOverlay.m */ = {isa = PBXFileReference; name = "PluginKmlOverlay.m"; path = "cordova-plugin-googlemaps/PluginKmlOverlay.m"; sourceTree = "<group>"; fileEncoding = 4; lastKnownFileType = sourcecode.c.objc; explicitFileType = undefined; includeInIndex = 0; };
		F5EE41D7071C461C94E21C82 /* PluginMap.m */ = {isa = PBXFileReference; name = "PluginMap.m"; path = "cordova-plugin-googlemaps/PluginMap.m"; sourceTree = "<group>"; fileEncoding = 4; lastKnownFileType = sourcecode.c.objc; explicitFileType = undefined; includeInIndex = 0; };
		468F66F40DEF4978B9DA5CF1 /* PluginMarker.m */ = {isa = PBXFileReference; name = "PluginMarker.m"; path = "cordova-plugin-googlemaps/PluginMarker.m"; sourceTree = "<group>"; fileEncoding = 4; lastKnownFileType = sourcecode.c.objc; explicitFileType = undefined; includeInIndex = 0; };
		859D68FB58FD40099BC25800 /* PluginUtil.m */ = {isa = PBXFileReference; name = "PluginUtil.m"; path = "cordova-plugin-googlemaps/PluginUtil.m"; sourceTree = "<group>"; fileEncoding = 4; lastKnownFileType = sourcecode.c.objc; explicitFileType = undefined; includeInIndex = 0; };
		01168AA96919420E802A2A5F /* PluginPolygon.m */ = {isa = PBXFileReference; name = "PluginPolygon.m"; path = "cordova-plugin-googlemaps/PluginPolygon.m"; sourceTree = "<group>"; fileEncoding = 4; lastKnownFileType = sourcecode.c.objc; explicitFileType = undefined; includeInIndex = 0; };
		CF574FC789534680B0C7B01E /* PluginPolyline.m */ = {isa = PBXFileReference; name = "PluginPolyline.m"; path = "cordova-plugin-googlemaps/PluginPolyline.m"; sourceTree = "<group>"; fileEncoding = 4; lastKnownFileType = sourcecode.c.objc; explicitFileType = undefined; includeInIndex = 0; };
		984E3FB7D7594AC8B1F4C0A0 /* PluginTileProvider.m */ = {isa = PBXFileReference; name = "PluginTileProvider.m"; path = "cordova-plugin-googlemaps/PluginTileProvider.m"; sourceTree = "<group>"; fileEncoding = 4; lastKnownFileType = sourcecode.c.objc; explicitFileType = undefined; includeInIndex = 0; };
		D93D11DE0CE94FA99333F834 /* TBXML.m */ = {isa = PBXFileReference; name = "TBXML.m"; path = "cordova-plugin-googlemaps/TBXML.m"; sourceTree = "<group>"; fileEncoding = 4; lastKnownFileType = sourcecode.c.objc; explicitFileType = undefined; includeInIndex = 0; };
		C9D35CA285644E8092EAC0D0 /* PluginTileOverlay.m */ = {isa = PBXFileReference; name = "PluginTileOverlay.m"; path = "cordova-plugin-googlemaps/PluginTileOverlay.m"; sourceTree = "<group>"; fileEncoding = 4; lastKnownFileType = sourcecode.c.objc; explicitFileType = undefined; includeInIndex = 0; };
		8C44892B52BB416FA6BB131A /* NSData+Base64.m */ = {isa = PBXFileReference; name = "NSData+Base64.m"; path = "cordova-plugin-googlemaps/NSData+Base64.m"; sourceTree = "<group>"; fileEncoding = 4; lastKnownFileType = sourcecode.c.objc; explicitFileType = undefined; includeInIndex = 0; };
		376B8F5151934C60A85D9AD6 /* GMSCoordinateBounds+Geometry.m */ = {isa = PBXFileReference; name = "GMSCoordinateBounds+Geometry.m"; path = "cordova-plugin-googlemaps/GMSCoordinateBounds+Geometry.m"; sourceTree = "<group>"; fileEncoding = 4; lastKnownFileType = sourcecode.c.objc; explicitFileType = undefined; includeInIndex = 0; };
		BE89A1583F4E488682061C27 /* MyPluginLayer.m */ = {isa = PBXFileReference; name = "MyPluginLayer.m"; path = "cordova-plugin-googlemaps/MyPluginLayer.m"; sourceTree = "<group>"; fileEncoding = 4; lastKnownFileType = sourcecode.c.objc; explicitFileType = undefined; includeInIndex = 0; };
		B9B475CEF2C142FB8938062E /* MyPluginLayerDebugView.m */ = {isa = PBXFileReference; name = "MyPluginLayerDebugView.m"; path = "cordova-plugin-googlemaps/MyPluginLayerDebugView.m"; sourceTree = "<group>"; fileEncoding = 4; lastKnownFileType = sourcecode.c.objc; explicitFileType = undefined; includeInIndex = 0; };
		75950A3D46194EFF91724344 /* MyPluginScrollView.m */ = {isa = PBXFileReference; name = "MyPluginScrollView.m"; path = "cordova-plugin-googlemaps/MyPluginScrollView.m"; sourceTree = "<group>"; fileEncoding = 4; lastKnownFileType = sourcecode.c.objc; explicitFileType = undefined; includeInIndex = 0; };
		E7E6DEB7B0FA473C923CB020 /* PluginMarkerCluster.m */ = {isa = PBXFileReference; name = "PluginMarkerCluster.m"; path = "cordova-plugin-googlemaps/PluginMarkerCluster.m"; sourceTree = "<group>"; fileEncoding = 4; lastKnownFileType = sourcecode.c.objc; explicitFileType = undefined; includeInIndex = 0; };
		B46E1AA61AA94346BC8046C2 /* UIImageCache.m */ = {isa = PBXFileReference; name = "UIImageCache.m"; path = "cordova-plugin-googlemaps/UIImageCache.m"; sourceTree = "<group>"; fileEncoding = 4; lastKnownFileType = sourcecode.c.objc; explicitFileType = undefined; includeInIndex = 0; };
		5528DFC337E6446E945C8B1C /* PluginCircle.h */ = {isa = PBXFileReference; name = "PluginCircle.h"; path = "cordova-plugin-googlemaps/PluginCircle.h"; sourceTree = "<group>"; fileEncoding = 4; lastKnownFileType = sourcecode.c.h; explicitFileType = undefined; includeInIndex = 0; };
		F355B0FF3B664CE6A6A45D2D /* PluginGeocoder.h */ = {isa = PBXFileReference; name = "PluginGeocoder.h"; path = "cordova-plugin-googlemaps/PluginGeocoder.h"; sourceTree = "<group>"; fileEncoding = 4; lastKnownFileType = sourcecode.c.h; explicitFileType = undefined; includeInIndex = 0; };
		6814D97C7DB94B0B93692D2E /* Environment.h */ = {isa = PBXFileReference; name = "Environment.h"; path = "cordova-plugin-googlemaps/Environment.h"; sourceTree = "<group>"; fileEncoding = 4; lastKnownFileType = sourcecode.c.h; explicitFileType = undefined; includeInIndex = 0; };
		A38F1069EB814CBE91384C1F /* CordovaGoogleMaps.h */ = {isa = PBXFileReference; name = "CordovaGoogleMaps.h"; path = "cordova-plugin-googlemaps/CordovaGoogleMaps.h"; sourceTree = "<group>"; fileEncoding = 4; lastKnownFileType = sourcecode.c.h; explicitFileType = undefined; includeInIndex = 0; };
		C9A23A5C88554C4BA6ACA5FD /* GoogleMapsViewController.h */ = {isa = PBXFileReference; name = "GoogleMapsViewController.h"; path = "cordova-plugin-googlemaps/GoogleMapsViewController.h"; sourceTree = "<group>"; fileEncoding = 4; lastKnownFileType = sourcecode.c.h; explicitFileType = undefined; includeInIndex = 0; };
		4764498D8E3E4F68B5943A37 /* PluginGroundOverlay.h */ = {isa = PBXFileReference; name = "PluginGroundOverlay.h"; path = "cordova-plugin-googlemaps/PluginGroundOverlay.h"; sourceTree = "<group>"; fileEncoding = 4; lastKnownFileType = sourcecode.c.h; explicitFileType = undefined; includeInIndex = 0; };
		E75FDE22EC15493CBCFC3A38 /* PluginKmlOverlay.h */ = {isa = PBXFileReference; name = "PluginKmlOverlay.h"; path = "cordova-plugin-googlemaps/PluginKmlOverlay.h"; sourceTree = "<group>"; fileEncoding = 4; lastKnownFileType = sourcecode.c.h; explicitFileType = undefined; includeInIndex = 0; };
		82493E286B8045E7830F984A /* PluginMap.h */ = {isa = PBXFileReference; name = "PluginMap.h"; path = "cordova-plugin-googlemaps/PluginMap.h"; sourceTree = "<group>"; fileEncoding = 4; lastKnownFileType = sourcecode.c.h; explicitFileType = undefined; includeInIndex = 0; };
		EF915F60AB644553ADE8DCE3 /* PluginMarker.h */ = {isa = PBXFileReference; name = "PluginMarker.h"; path = "cordova-plugin-googlemaps/PluginMarker.h"; sourceTree = "<group>"; fileEncoding = 4; lastKnownFileType = sourcecode.c.h; explicitFileType = undefined; includeInIndex = 0; };
		A43CB25C8C5740E48231BB18 /* MyPlgunProtocol.h */ = {isa = PBXFileReference; name = "MyPlgunProtocol.h"; path = "cordova-plugin-googlemaps/MyPlgunProtocol.h"; sourceTree = "<group>"; fileEncoding = 4; lastKnownFileType = sourcecode.c.h; explicitFileType = undefined; includeInIndex = 0; };
		28538EF80E134E59B1EAEB2A /* PluginUtil.h */ = {isa = PBXFileReference; name = "PluginUtil.h"; path = "cordova-plugin-googlemaps/PluginUtil.h"; sourceTree = "<group>"; fileEncoding = 4; lastKnownFileType = sourcecode.c.h; explicitFileType = undefined; includeInIndex = 0; };
		218FFFE1580A4BB8BE00F24D /* PluginPolygon.h */ = {isa = PBXFileReference; name = "PluginPolygon.h"; path = "cordova-plugin-googlemaps/PluginPolygon.h"; sourceTree = "<group>"; fileEncoding = 4; lastKnownFileType = sourcecode.c.h; explicitFileType = undefined; includeInIndex = 0; };
		DC06E0F11B674B45B301EE7E /* PluginPolyline.h */ = {isa = PBXFileReference; name = "PluginPolyline.h"; path = "cordova-plugin-googlemaps/PluginPolyline.h"; sourceTree = "<group>"; fileEncoding = 4; lastKnownFileType = sourcecode.c.h; explicitFileType = undefined; includeInIndex = 0; };
		52649C5C2D01478EAB64E23C /* PluginTileProvider.h */ = {isa = PBXFileReference; name = "PluginTileProvider.h"; path = "cordova-plugin-googlemaps/PluginTileProvider.h"; sourceTree = "<group>"; fileEncoding = 4; lastKnownFileType = sourcecode.c.h; explicitFileType = undefined; includeInIndex = 0; };
		839CBBEE982F42019F53B9EE /* TBXML.h */ = {isa = PBXFileReference; name = "TBXML.h"; path = "cordova-plugin-googlemaps/TBXML.h"; sourceTree = "<group>"; fileEncoding = 4; lastKnownFileType = sourcecode.c.h; explicitFileType = undefined; includeInIndex = 0; };
		4889B74913814151A6B0442D /* PluginTileOverlay.h */ = {isa = PBXFileReference; name = "PluginTileOverlay.h"; path = "cordova-plugin-googlemaps/PluginTileOverlay.h"; sourceTree = "<group>"; fileEncoding = 4; lastKnownFileType = sourcecode.c.h; explicitFileType = undefined; includeInIndex = 0; };
		5DD14ACB113445E394F48465 /* NSData+Base64.h */ = {isa = PBXFileReference; name = "NSData+Base64.h"; path = "cordova-plugin-googlemaps/NSData+Base64.h"; sourceTree = "<group>"; fileEncoding = 4; lastKnownFileType = sourcecode.c.h; explicitFileType = undefined; includeInIndex = 0; };
		43F339F3CDD54C18B97186FA /* NSData+Base64.podspec */ = {isa = PBXFileReference; name = "NSData+Base64.podspec"; path = "cordova-plugin-googlemaps/NSData+Base64.podspec"; sourceTree = "<group>"; fileEncoding = undefined; lastKnownFileType = unknown; explicitFileType = undefined; includeInIndex = 0; };
		DDC765E66B7146B69D5E42ED /* GMSCoordinateBounds+Geometry.h */ = {isa = PBXFileReference; name = "GMSCoordinateBounds+Geometry.h"; path = "cordova-plugin-googlemaps/GMSCoordinateBounds+Geometry.h"; sourceTree = "<group>"; fileEncoding = 4; lastKnownFileType = sourcecode.c.h; explicitFileType = undefined; includeInIndex = 0; };
		DA5FA9F4CA4C4A9A9B00E4C4 /* MyPluginLayer.h */ = {isa = PBXFileReference; name = "MyPluginLayer.h"; path = "cordova-plugin-googlemaps/MyPluginLayer.h"; sourceTree = "<group>"; fileEncoding = 4; lastKnownFileType = sourcecode.c.h; explicitFileType = undefined; includeInIndex = 0; };
		1DDD0244752444FB973B97DC /* MyPluginLayerDebugView.h */ = {isa = PBXFileReference; name = "MyPluginLayerDebugView.h"; path = "cordova-plugin-googlemaps/MyPluginLayerDebugView.h"; sourceTree = "<group>"; fileEncoding = 4; lastKnownFileType = sourcecode.c.h; explicitFileType = undefined; includeInIndex = 0; };
		6CEB9517EDC84CE391638554 /* MyPluginScrollView.h */ = {isa = PBXFileReference; name = "MyPluginScrollView.h"; path = "cordova-plugin-googlemaps/MyPluginScrollView.h"; sourceTree = "<group>"; fileEncoding = 4; lastKnownFileType = sourcecode.c.h; explicitFileType = undefined; includeInIndex = 0; };
		F78A2F029A9749298B974139 /* PluginMarkerCluster.h */ = {isa = PBXFileReference; name = "PluginMarkerCluster.h"; path = "cordova-plugin-googlemaps/PluginMarkerCluster.h"; sourceTree = "<group>"; fileEncoding = 4; lastKnownFileType = sourcecode.c.h; explicitFileType = undefined; includeInIndex = 0; };
		FE551A6418F040A68FBBCB12 /* UIImageCache.h */ = {isa = PBXFileReference; name = "UIImageCache.h"; path = "cordova-plugin-googlemaps/UIImageCache.h"; sourceTree = "<group>"; fileEncoding = 4; lastKnownFileType = sourcecode.c.h; explicitFileType = undefined; includeInIndex = 0; };
/* End PBXFileReference section */

/* Begin PBXFrameworksBuildPhase section */
		1D60588F0D05DD3D006BFB54 /* Frameworks */ = {
			isa = PBXFrameworksBuildPhase;
			buildActionMask = 2147483647;
			files = (
				301BF552109A68D80062928A /* libCordova.a in Frameworks */,
				3DA6EE35F9804AC3B7A21FD7 /* ImageIO.framework in Frameworks */,
				7D3826F7C6234B29AC04B683 /* CoreLocation.framework in Frameworks */,
				587D0EE6CA7C4DDEBA9A23FF /* AVFoundation.framework in Frameworks */,
				934E208123844106A72B2157 /* libz.tbd in Frameworks */,
				C4AD1CF6E4C748D3A10B1EBB /* AudioToolbox.framework in Frameworks */,
				113266BED8DF4F7DAAEC36C2 /* SystemConfiguration.framework in Frameworks */,
				39AB692D7F17433A85F291ED /* CoreTelephony.framework in Frameworks */,
				5C048C599DE54A14BBF2CEC8 /* Accelerate.framework in Frameworks */,
				1784B6C5A1E64B37B5474887 /* CoreData.framework in Frameworks */,
				E0E6E4EE7A9C4752822156E0 /* CoreText.framework in Frameworks */,
				C3034876499C42058B883393 /* GLKit.framework in Frameworks */,
				6BB3715156424CAEA7005F23 /* libc++.tbd in Frameworks */,
				8A907482693946058A1013DF /* OpenGLES.framework in Frameworks */,
				1306CED2A62A4769976DB4E9 /* QuartzCore.framework in Frameworks */,
				D105416C9FC04658B3E6AF91 /* UIKit.framework in Frameworks */,
				20DC6F7EAE3047149D50188E /* GoogleMapsBase.framework in Frameworks */,
				13A729EBA463464BA70B3429 /* GoogleMaps.framework in Frameworks */,
				EECCAE661B2B4A359FD1FC20 /* GoogleMapsCore.framework in Frameworks */,
			);
			runOnlyForDeploymentPostprocessing = 0;
		};
/* End PBXFrameworksBuildPhase section */

/* Begin PBXGroup section */
		080E96DDFE201D6D7F000001 /* Classes */ = {
			isa = PBXGroup;
			children = (
				302D95EE14D2391D003F00A1 /* MainViewController.h */,
				302D95EF14D2391D003F00A1 /* MainViewController.m */,
				302D95F014D2391D003F00A1 /* MainViewController.xib */,
				1D3623240D0F684500981E51 /* AppDelegate.h */,
				1D3623250D0F684500981E51 /* AppDelegate.m */,
			);
			name = Classes;
			path = "Men's Club BarberShop/Classes";
			sourceTree = SOURCE_ROOT;
		};
		19C28FACFE9D520D11CA2CBB /* Products */ = {
			isa = PBXGroup;
			children = (
				1D6058910D05DD3D006BFB54 /* Men's Club BarberShop.app */,
			);
			name = Products;
			sourceTree = "<group>";
		};
		29B97314FDCFA39411CA2CEA /* CustomTemplate */ = {
			isa = PBXGroup;
			children = (
				EB87FDF41871DAF40020F90C /* config.xml */,
				EB87FDF31871DA8E0020F90C /* www */,
				EB87FDF11871DA420020F90C /* Staging */,
				301BF52D109A57CC0062928A /* CordovaLib.xcodeproj */,
				080E96DDFE201D6D7F000001 /* Classes */,
				307C750510C5A3420062BCA9 /* Plugins */,
				29B97315FDCFA39411CA2CEA /* Other Sources */,
				29B97317FDCFA39411CA2CEA /* Resources */,
				29B97323FDCFA39411CA2CEA /* Frameworks */,
				19C28FACFE9D520D11CA2CBB /* Products */,
			);
			name = CustomTemplate;
			sourceTree = "<group>";
		};
		29B97315FDCFA39411CA2CEA /* Other Sources */ = {
			isa = PBXGroup;
			children = (
				32CA4F630368D1EE00C91783 /* Men's Club BarberShop-Prefix.pch */,
				29B97316FDCFA39411CA2CEA /* main.m */,
				ED33DF2A687741AEAF9F8254 /* Bridging-Header.h */,
			);
			name = "Other Sources";
			path = "Men's Club BarberShop";
			sourceTree = "<group>";
		};
		29B97317FDCFA39411CA2CEA /* Resources */ = {
			isa = PBXGroup;
			children = (
				0207DA571B56EA530066E2B4 /* Images.xcassets */,
				3047A50E1AB8057F00498E2A /* config */,
				8D1107310486CEB800E47090 /* Men's Club BarberShop-Info.plist */,
				6AFF5BF81D6E424B00AB3073 /* CDVLaunchScreen.storyboard */,
				707CAD23407C4A759A98DC04 /* CDVNotification.bundle */,
				C2E659A0D8894839A85CF607 /* CDVCapture.bundle */,
				F4E796837B694651ABB9A0FC /* GoogleMaps.bundle */,
			);
			name = Resources;
			path = "Men's Club BarberShop/Resources";
			sourceTree = "<group>";
		};
		29B97323FDCFA39411CA2CEA /* Frameworks */ = {
			isa = PBXGroup;
			children = (
				1301E61FB9584F7CB9518F4B /* ImageIO.framework */,
				CEAB5CB0A94F4F0589B33C34 /* CoreLocation.framework */,
				0DB40E657B384A80893CC840 /* AVFoundation.framework */,
				81F4DF6B8F774A4E9B8F9AEF /* libz.tbd */,
				15F0DFC2AFF540C28A2F6439 /* AudioToolbox.framework */,
				B2528AB4B53C4AABBF0B9481 /* SystemConfiguration.framework */,
				B8BB56FB309E4698A322EC05 /* CoreTelephony.framework */,
				95A12D6996B34005A0A8ECCD /* Accelerate.framework */,
				FFDD6D4598D4431191FD9212 /* CoreData.framework */,
				AF43690686834AEEB39666FB /* CoreText.framework */,
				9E83ABFB31764DD68E999241 /* GLKit.framework */,
				B381CE5424B240808A198399 /* libc++.tbd */,
				EABF8D81D9144638803A6C47 /* OpenGLES.framework */,
				EB60B96602B441EB81174C15 /* QuartzCore.framework */,
				C9D59CF3A274463DB0022503 /* UIKit.framework */,
				A16CCCC4F6B34F5A83F75C77 /* GoogleMapsBase.framework */,
				B580F2C62D0B46FABC4B0130 /* GoogleMaps.framework */,
				B2BA4A4413C44FF8B0B2D364 /* GoogleMapsCore.framework */,
			);
			name = Frameworks;
			sourceTree = "<group>";
		};
		301BF52E109A57CC0062928A /* Products */ = {
			isa = PBXGroup;
			children = (
				301BF535109A57CC0062928A /* libCordova.a */,
			);
			name = Products;
			sourceTree = "<group>";
		};
		3047A50E1AB8057F00498E2A /* config */ = {
			isa = PBXGroup;
			children = (
				3047A50F1AB8059700498E2A /* build-debug.xcconfig */,
				3047A5101AB8059700498E2A /* build-release.xcconfig */,
				3047A5111AB8059700498E2A /* build.xcconfig */,
			);
			name = config;
			sourceTree = "<group>";
		};
		307C750510C5A3420062BCA9 /* Plugins */ = {
			isa = PBXGroup;
			children = (
				104ED5CEF0304742B49094F0 /* CDVBattery.m */,
				70707A3CD1BE406EA4EB57E8 /* CDVBattery.h */,
				A562AB220E664C738D3CD40C /* UIImage+CropScaleOrientation.m */,
				0A1F5393F34341238829094B /* CDVCamera.m */,
				4000D64AA2694D0F9F14F990 /* CDVJpegHeaderWriter.m */,
				A210512BFB654679885805EB /* UIImage+CropScaleOrientation.h */,
				F085DC6C3F57424FB69DC57B /* CDVCamera.h */,
				2FA71728733A4ECBAE2633DB /* CDVJpegHeaderWriter.h */,
				9833796633A041DB819F7C68 /* CDVExif.h */,
				1C440924560B4311A3EE0CC2 /* CDVDevice.m */,
				4457BEDFC5F143A08BD7899D /* CDVDevice.h */,
				23429C428DD4459DABFE7971 /* CDVNotification.m */,
				85960A98E41F4282907260C7 /* CDVNotification.h */,
				7F2519C100584130854FAC7D /* CDVFile.m */,
				F9583FD9976E41DA973F4C51 /* CDVLocalFilesystem.m */,
				77D6DEE071B74BFDA7C01331 /* CDVAssetLibraryFilesystem.m */,
				438AF7D7B65D4BE5AAD4CE9B /* CDVFile.h */,
				3A5C12D4A0E4451294DFA3AA /* CDVLocalFilesystem.h */,
				97029016CFB8480EB0AC4FD3 /* CDVAssetLibraryFilesystem.h */,
				D501774E3A4548EABACC9A21 /* CDVLocation.m */,
				C1A93856FCCC4189ABA96B86 /* CDVLocation.h */,
				50C030F16A1A46BC84A6469D /* CDVGlobalization.m */,
				752DDF10713D494DAFFFF7C0 /* CDVGlobalization.h */,
				E985BC6CD59A4D2DB6F9F35A /* CDVInAppBrowser.m */,
				ECD3C74C98C8402C9C684A76 /* CDVInAppBrowser.h */,
				6EEEB2674EFC479B80ADC939 /* CDVCapture.m */,
				8AA49CDF1DD148DC836B7D8D /* CDVCapture.h */,
				38836C07D904449B9B060230 /* CDVConnection.m */,
				F2ABBB7109DD4F96825D6CF6 /* CDVReachability.m */,
				58F2031D6C8144ADAB922F00 /* CDVConnection.h */,
				F6F29C67F0DF4288A8117402 /* CDVReachability.h */,
				A0CD75B50AEC46CBB36ADD95 /* CDVVibration.m */,
				4C03C6B173D04D9C9AFC9C14 /* CDVVibration.h */,
				E2BE298AA3284915AED37708 /* CDVFileTransfer.m */,
				CBCCE774B7084D4A8FBC7789 /* CDVFileTransfer.h */,
				79ED599BAC0043358C83933E /* CDVSplashScreen.m */,
				511D937ADDBB408CB65CC502 /* CDVViewController+SplashScreen.m */,
				ECA2F859B84940B68D795F76 /* CDVSplashScreen.h */,
				60BF89F85498419B9D24C96A /* CDVViewController+SplashScreen.h */,
				2B787AADD4AA47648D2D3A5A /* CFCallNumber.m */,
				D5D42623485C4117BE41757E /* CFCallNumber.h */,
				704B4CE9929940928A49CFEC /* PluginCircle.m */,
				FD3BDAF56216482BA2A22600 /* PluginGeocoder.m */,
				9796348D106040428C5C5C35 /* Environment.m */,
				E9BB1C0771124DF0B54FDB3B /* CordovaGoogleMaps.m */,
				66C975011C364D43BAAE2FE2 /* GoogleMapsViewController.m */,
				41B4E46FFC5D4071B0C706BA /* PluginGroundOverlay.m */,
				F7207DD7B3B5434A896E3394 /* PluginKmlOverlay.m */,
				F5EE41D7071C461C94E21C82 /* PluginMap.m */,
				468F66F40DEF4978B9DA5CF1 /* PluginMarker.m */,
				859D68FB58FD40099BC25800 /* PluginUtil.m */,
				01168AA96919420E802A2A5F /* PluginPolygon.m */,
				CF574FC789534680B0C7B01E /* PluginPolyline.m */,
				984E3FB7D7594AC8B1F4C0A0 /* PluginTileProvider.m */,
				D93D11DE0CE94FA99333F834 /* TBXML.m */,
				C9D35CA285644E8092EAC0D0 /* PluginTileOverlay.m */,
				8C44892B52BB416FA6BB131A /* NSData+Base64.m */,
				376B8F5151934C60A85D9AD6 /* GMSCoordinateBounds+Geometry.m */,
				BE89A1583F4E488682061C27 /* MyPluginLayer.m */,
				B9B475CEF2C142FB8938062E /* MyPluginLayerDebugView.m */,
				75950A3D46194EFF91724344 /* MyPluginScrollView.m */,
				E7E6DEB7B0FA473C923CB020 /* PluginMarkerCluster.m */,
				B46E1AA61AA94346BC8046C2 /* UIImageCache.m */,
				5528DFC337E6446E945C8B1C /* PluginCircle.h */,
				F355B0FF3B664CE6A6A45D2D /* PluginGeocoder.h */,
				6814D97C7DB94B0B93692D2E /* Environment.h */,
				A38F1069EB814CBE91384C1F /* CordovaGoogleMaps.h */,
				C9A23A5C88554C4BA6ACA5FD /* GoogleMapsViewController.h */,
				4764498D8E3E4F68B5943A37 /* PluginGroundOverlay.h */,
				E75FDE22EC15493CBCFC3A38 /* PluginKmlOverlay.h */,
				82493E286B8045E7830F984A /* PluginMap.h */,
				EF915F60AB644553ADE8DCE3 /* PluginMarker.h */,
				A43CB25C8C5740E48231BB18 /* MyPlgunProtocol.h */,
				28538EF80E134E59B1EAEB2A /* PluginUtil.h */,
				218FFFE1580A4BB8BE00F24D /* PluginPolygon.h */,
				DC06E0F11B674B45B301EE7E /* PluginPolyline.h */,
				52649C5C2D01478EAB64E23C /* PluginTileProvider.h */,
				839CBBEE982F42019F53B9EE /* TBXML.h */,
				4889B74913814151A6B0442D /* PluginTileOverlay.h */,
				5DD14ACB113445E394F48465 /* NSData+Base64.h */,
				43F339F3CDD54C18B97186FA /* NSData+Base64.podspec */,
				DDC765E66B7146B69D5E42ED /* GMSCoordinateBounds+Geometry.h */,
				DA5FA9F4CA4C4A9A9B00E4C4 /* MyPluginLayer.h */,
				1DDD0244752444FB973B97DC /* MyPluginLayerDebugView.h */,
				6CEB9517EDC84CE391638554 /* MyPluginScrollView.h */,
				F78A2F029A9749298B974139 /* PluginMarkerCluster.h */,
				FE551A6418F040A68FBBCB12 /* UIImageCache.h */,
			);
			name = Plugins;
			path = "Men's Club BarberShop/Plugins";
			sourceTree = SOURCE_ROOT;
		};
		EB87FDF11871DA420020F90C /* Staging */ = {
			isa = PBXGroup;
			children = (
				F840E1F0165FE0F500CFE078 /* config.xml */,
				301BF56E109A69640062928A /* www */,
			);
			name = Staging;
			sourceTree = "<group>";
		};
/* End PBXGroup section */

/* Begin PBXNativeTarget section */
		1D6058900D05DD3D006BFB54 /* Men's Club BarberShop */ = {
			isa = PBXNativeTarget;
			buildConfigurationList = 1D6058960D05DD3E006BFB54 /* Build configuration list for PBXNativeTarget "Men's Club BarberShop" */;
			buildPhases = (
				304B58A110DAC018002A0835 /* Copy www directory */,
				1D60588D0D05DD3D006BFB54 /* Resources */,
				1D60588E0D05DD3D006BFB54 /* Sources */,
				1D60588F0D05DD3D006BFB54 /* Frameworks */,
			);
			buildRules = (
			);
			dependencies = (
				301BF551109A68C00062928A /* PBXTargetDependency */,
			);
			name = "Men's Club BarberShop";
			productName = "Men's Club BarberShop";
			productReference = 1D6058910D05DD3D006BFB54 /* Men's Club BarberShop.app */;
			productType = "com.apple.product-type.application";
		};
/* End PBXNativeTarget section */

/* Begin PBXProject section */
		29B97313FDCFA39411CA2CEA /* Project object */ = {
			isa = PBXProject;
			attributes = {
				LastUpgradeCheck = 510;
			};
			buildConfigurationList = C01FCF4E08A954540054247B /* Build configuration list for PBXProject "__NON-CLI__" */;
			compatibilityVersion = "Xcode 3.2";
			developmentRegion = English;
			hasScannedForEncodings = 1;
			mainGroup = 29B97314FDCFA39411CA2CEA /* CustomTemplate */;
			projectDirPath = "";
			projectReferences = (
				{
					ProductGroup = 301BF52E109A57CC0062928A /* Products */;
					ProjectRef = 301BF52D109A57CC0062928A /* CordovaLib.xcodeproj */;
				},
			);
			projectRoot = "";
			targets = (
				1D6058900D05DD3D006BFB54 /* Men's Club BarberShop */,
			);
		};
/* End PBXProject section */

/* Begin PBXReferenceProxy section */
		301BF535109A57CC0062928A /* libCordova.a */ = {
			isa = PBXReferenceProxy;
			fileType = archive.ar;
			path = libCordova.a;
			remoteRef = 301BF534109A57CC0062928A /* PBXContainerItemProxy */;
			sourceTree = BUILT_PRODUCTS_DIR;
		};
/* End PBXReferenceProxy section */

/* Begin PBXResourcesBuildPhase section */
		1D60588D0D05DD3D006BFB54 /* Resources */ = {
			isa = PBXResourcesBuildPhase;
			buildActionMask = 2147483647;
			files = (
				302D95F214D2391D003F00A1 /* MainViewController.xib in Resources */,
				0207DA581B56EA530066E2B4 /* Images.xcassets in Resources */,
				6AFF5BF91D6E424B00AB3073 /* CDVLaunchScreen.storyboard in Resources */,
				7F3B26184D0043A593E1BF5E /* CDVNotification.bundle in Resources */,
				0495D5B894A74307A7D3145E /* CDVCapture.bundle in Resources */,
				1CEA4DC5BD874A7AB1E69C6F /* GoogleMaps.bundle in Resources */,
			);
			runOnlyForDeploymentPostprocessing = 0;
		};
/* End PBXResourcesBuildPhase section */

/* Begin PBXShellScriptBuildPhase section */
		304B58A110DAC018002A0835 /* Copy www directory */ = {
			isa = PBXShellScriptBuildPhase;
			buildActionMask = 2147483647;
			files = (
			);
			inputPaths = (
			);
			name = "Copy www directory";
			outputPaths = (
			);
			runOnlyForDeploymentPostprocessing = 0;
			shellPath = /bin/sh;
			shellScript = "NODEJS_PATH=/usr/local/bin; NVM_NODE_PATH=~/.nvm/versions/node/`nvm version 2>/dev/null`/bin; N_NODE_PATH=`find /usr/local/n/versions/node/* -maxdepth 0 -type d 2>/dev/null | tail -1`/bin; XCODE_NODE_PATH=`xcode-select --print-path`/usr/share/xcs/Node/bin; PATH=$NODEJS_PATH:$NVM_NODE_PATH:$N_NODE_PATH:$XCODE_NODE_PATH:$PATH && node cordova/lib/copy-www-build-step.js";
			showEnvVarsInLog = 0;
		};
/* End PBXShellScriptBuildPhase section */

/* Begin PBXSourcesBuildPhase section */
		1D60588E0D05DD3D006BFB54 /* Sources */ = {
			isa = PBXSourcesBuildPhase;
			buildActionMask = 2147483647;
			files = (
				1D60589B0D05DD56006BFB54 /* main.m in Sources */,
				1D3623260D0F684500981E51 /* AppDelegate.m in Sources */,
				302D95F114D2391D003F00A1 /* MainViewController.m in Sources */,
				2D3F026888B74BCC966E55D4 /* CDVBattery.m in Sources */,
				33850064FD8B40C5890CB099 /* UIImage+CropScaleOrientation.m in Sources */,
				F5A9EE5A6CC549288637FD70 /* CDVCamera.m in Sources */,
				84771977A0554582BFF9FFF7 /* CDVJpegHeaderWriter.m in Sources */,
				8990403000B5416A90BCABD1 /* CDVDevice.m in Sources */,
				118E4C72957E4AC080BEBA3D /* CDVNotification.m in Sources */,
				BEB36C20152F4829843F87BE /* CDVFile.m in Sources */,
				8E85192C866448D392BE9F5D /* CDVLocalFilesystem.m in Sources */,
				5146475ED5A445D69DC141F4 /* CDVAssetLibraryFilesystem.m in Sources */,
				2F6B8B371B2F4998B8FEC449 /* CDVLocation.m in Sources */,
				69F662C5C10D430F8E895C95 /* CDVGlobalization.m in Sources */,
				31EC69451CA540C2B79BA1F9 /* CDVInAppBrowser.m in Sources */,
				85E65A529B8E4BCBB0DB735F /* CDVCapture.m in Sources */,
				7F233DC0F8C147C38AA6813D /* CDVConnection.m in Sources */,
				2C4335A80C55472A9F0DEEE5 /* CDVReachability.m in Sources */,
				0AD78A3594694D6793ECD987 /* CDVVibration.m in Sources */,
				1BF92E03F5544B5D9A5CD378 /* CDVFileTransfer.m in Sources */,
				8DD56BD0655E4E4BA89DF4C4 /* CDVSplashScreen.m in Sources */,
				4B0664B3D7C04550BE7787A6 /* CDVViewController+SplashScreen.m in Sources */,
				59559AD8A0B9426FB98993BC /* CFCallNumber.m in Sources */,
				2B4A9E38D34044418DAE4288 /* PluginCircle.m in Sources */,
				17E6253AD75A4FCAB710FAF4 /* PluginGeocoder.m in Sources */,
				53EE9367B9BD482A90F9E07F /* Environment.m in Sources */,
				BA863643E288449FB69DB62D /* CordovaGoogleMaps.m in Sources */,
				9BC5F81852034372A2D11451 /* GoogleMapsViewController.m in Sources */,
				2E2A7943B187458DBF123C83 /* PluginGroundOverlay.m in Sources */,
				F14D231BE51F49BE9321E450 /* PluginKmlOverlay.m in Sources */,
				D3DADE39FB8E462484004840 /* PluginMap.m in Sources */,
				240C7875652548B9AD0A37B6 /* PluginMarker.m in Sources */,
				3BB062C997364C8DB3BF6791 /* PluginUtil.m in Sources */,
				F81DC3588C114A57AEBB1FF5 /* PluginPolygon.m in Sources */,
				E1C95BBF0E714096BD59015D /* PluginPolyline.m in Sources */,
				519EBA4A7FB84DFF97832F7E /* PluginTileProvider.m in Sources */,
				804B6F13A04B4E5D880ACB64 /* TBXML.m in Sources */,
				5AF2F990984C48438C201520 /* PluginTileOverlay.m in Sources */,
				AE3BF25B198947508E8A4490 /* NSData+Base64.m in Sources */,
				58B5F71C5BA149C9809FC8AF /* GMSCoordinateBounds+Geometry.m in Sources */,
				8D6ED71405A44C9B922EB0CE /* MyPluginLayer.m in Sources */,
				C781F4DA49194CAF985193DE /* MyPluginLayerDebugView.m in Sources */,
				95A7593AA52549F4973743CE /* MyPluginScrollView.m in Sources */,
				945F46010B78476AB8C3790B /* PluginMarkerCluster.m in Sources */,
				C3B74FD873474741ADED428F /* UIImageCache.m in Sources */,
			);
			runOnlyForDeploymentPostprocessing = 0;
		};
/* End PBXSourcesBuildPhase section */

/* Begin PBXTargetDependency section */
		301BF551109A68C00062928A /* PBXTargetDependency */ = {
			isa = PBXTargetDependency;
			name = CordovaLib;
			targetProxy = 301BF550109A68C00062928A /* PBXContainerItemProxy */;
		};
/* End PBXTargetDependency section */

/* Begin XCBuildConfiguration section */
		1D6058940D05DD3E006BFB54 /* Debug */ = {
			isa = XCBuildConfiguration;
			baseConfigurationReference = 3047A50F1AB8059700498E2A /* build-debug.xcconfig */;
			buildSettings = {
				ALWAYS_SEARCH_USER_PATHS = NO;
				ASSETCATALOG_COMPILER_APPICON_NAME = AppIcon;
				ASSETCATALOG_COMPILER_LAUNCHIMAGE_NAME = LaunchImage;
				CLANG_ENABLE_MODULES = YES;
				CLANG_ENABLE_OBJC_ARC = YES;
				COPY_PHASE_STRIP = NO;
				GCC_DYNAMIC_NO_PIC = NO;
				GCC_OPTIMIZATION_LEVEL = 0;
				GCC_PRECOMPILE_PREFIX_HEADER = YES;
				GCC_PREFIX_HEADER = "Men's Club BarberShop/Men's Club BarberShop-Prefix.pch";
				GCC_THUMB_SUPPORT = NO;
				GCC_VERSION = "";
				INFOPLIST_FILE = "Men's Club BarberShop/Men's Club BarberShop-Info.plist";
				IPHONEOS_DEPLOYMENT_TARGET = 8.0;
				LD_RUNPATH_SEARCH_PATHS = "@executable_path/Frameworks";
				TARGETED_DEVICE_FAMILY = "1,2";
				PRODUCT_NAME = "Men's Club BarberShop";
				FRAMEWORK_SEARCH_PATHS = (
					"$(inherited)",
					"\"Men's Club BarberShop/Plugins/com.googlemaps.ios\"",
					"\"Men's Club BarberShop/Plugins/com.googlemaps.ios\"",
					"\"Men's Club BarberShop/Plugins/com.googlemaps.ios\"",
				);
			};
			name = Debug;
		};
		1D6058950D05DD3E006BFB54 /* Release */ = {
			isa = XCBuildConfiguration;
			baseConfigurationReference = 3047A5101AB8059700498E2A /* build-release.xcconfig */;
			buildSettings = {
				ALWAYS_SEARCH_USER_PATHS = NO;
				ASSETCATALOG_COMPILER_APPICON_NAME = AppIcon;
				ASSETCATALOG_COMPILER_LAUNCHIMAGE_NAME = LaunchImage;
				CLANG_ENABLE_MODULES = YES;
				CLANG_ENABLE_OBJC_ARC = YES;
				COPY_PHASE_STRIP = YES;
				GCC_PRECOMPILE_PREFIX_HEADER = YES;
				GCC_PREFIX_HEADER = "Men's Club BarberShop/Men's Club BarberShop-Prefix.pch";
				GCC_THUMB_SUPPORT = NO;
				GCC_VERSION = "";
				INFOPLIST_FILE = "Men's Club BarberShop/Men's Club BarberShop-Info.plist";
				IPHONEOS_DEPLOYMENT_TARGET = 8.0;
				LD_RUNPATH_SEARCH_PATHS = "@executable_path/Frameworks";
				TARGETED_DEVICE_FAMILY = "1,2";
				PRODUCT_NAME = "Men's Club BarberShop";
				FRAMEWORK_SEARCH_PATHS = (
					"$(inherited)",
					"\"Men's Club BarberShop/Plugins/com.googlemaps.ios\"",
					"\"Men's Club BarberShop/Plugins/com.googlemaps.ios\"",
					"\"Men's Club BarberShop/Plugins/com.googlemaps.ios\"",
				);
			};
			name = Release;
		};
		C01FCF4F08A954540054247B /* Debug */ = {
			isa = XCBuildConfiguration;
			baseConfigurationReference = 3047A5111AB8059700498E2A /* build.xcconfig */;
			buildSettings = {
				CLANG_ENABLE_MODULES = YES;
				CLANG_ENABLE_OBJC_ARC = YES;
				CLANG_WARN_BOOL_CONVERSION = YES;
				CLANG_WARN_CONSTANT_CONVERSION = YES;
				CLANG_WARN_EMPTY_BODY = YES;
				CLANG_WARN_ENUM_CONVERSION = YES;
				CLANG_WARN_INT_CONVERSION = YES;
				CLANG_WARN__DUPLICATE_METHOD_MATCH = YES;
				GCC_C_LANGUAGE_STANDARD = c99;
				GCC_THUMB_SUPPORT = NO;
				GCC_VERSION = "";
				GCC_WARN_ABOUT_RETURN_TYPE = YES;
				GCC_WARN_UNDECLARED_SELECTOR = YES;
				GCC_WARN_UNINITIALIZED_AUTOS = YES;
				GCC_WARN_UNUSED_FUNCTION = YES;
				GCC_WARN_UNUSED_VARIABLE = YES;
				ONLY_ACTIVE_ARCH = YES;
				SDKROOT = iphoneos;
				SKIP_INSTALL = NO;
				ASSETCATALOG_COMPILER_LAUNCHIMAGE_NAME = LaunchImage;
			};
			name = Debug;
		};
		C01FCF5008A954540054247B /* Release */ = {
			isa = XCBuildConfiguration;
			baseConfigurationReference = 3047A5111AB8059700498E2A /* build.xcconfig */;
			buildSettings = {
				CLANG_ENABLE_MODULES = YES;
				CLANG_ENABLE_OBJC_ARC = YES;
				CLANG_WARN_BOOL_CONVERSION = YES;
				CLANG_WARN_CONSTANT_CONVERSION = YES;
				CLANG_WARN_EMPTY_BODY = YES;
				CLANG_WARN_ENUM_CONVERSION = YES;
				CLANG_WARN_INT_CONVERSION = YES;
				CLANG_WARN__DUPLICATE_METHOD_MATCH = YES;
				GCC_C_LANGUAGE_STANDARD = c99;
				GCC_THUMB_SUPPORT = NO;
				GCC_VERSION = "";
				GCC_WARN_ABOUT_RETURN_TYPE = YES;
				GCC_WARN_UNDECLARED_SELECTOR = YES;
				GCC_WARN_UNINITIALIZED_AUTOS = YES;
				GCC_WARN_UNUSED_FUNCTION = YES;
				GCC_WARN_UNUSED_VARIABLE = YES;
				SDKROOT = iphoneos;
				SKIP_INSTALL = NO;
				ASSETCATALOG_COMPILER_LAUNCHIMAGE_NAME = LaunchImage;
			};
			name = Release;
		};
/* End XCBuildConfiguration section */

/* Begin XCConfigurationList section */
		1D6058960D05DD3E006BFB54 /* Build configuration list for PBXNativeTarget "Men's Club BarberShop" */ = {
			isa = XCConfigurationList;
			buildConfigurations = (
				1D6058940D05DD3E006BFB54 /* Debug */,
				1D6058950D05DD3E006BFB54 /* Release */,
			);
			defaultConfigurationIsVisible = 0;
			defaultConfigurationName = Release;
		};
		C01FCF4E08A954540054247B /* Build configuration list for PBXProject "__NON-CLI__" */ = {
			isa = XCConfigurationList;
			buildConfigurations = (
				C01FCF4F08A954540054247B /* Debug */,
				C01FCF5008A954540054247B /* Release */,
			);
			defaultConfigurationIsVisible = 0;
			defaultConfigurationName = Release;
		};
/* End XCConfigurationList section */
	};
	rootObject = 29B97313FDCFA39411CA2CEA /* Project object */;
}
